
Microsoft Visual Studio Solution File, Format Version 12.00
# Visual Studio Version 16
VisualStudioVersion = 16.0.29215.179
MinimumVisualStudioVersion = 10.0.40219.1
Project("{FAE04EC0-301F-11D3-BF4B-00C04F79EFBC}") = "Lab1-AdvancedProgramming", "Lab1-AdvancedProgramming\Lab1-AdvancedProgramming.csproj", "{210B8DD0-E76B-4F54-BD80-ED156C4A5683}"
EndProject
Global
	GlobalSection(SolutionConfigurationPlatforms) = preSolution
		Debug|Any CPU = Debug|Any CPU
		Release|Any CPU = Release|Any CPU
	EndGlobalSection
	GlobalSection(ProjectConfigurationPlatforms) = postSolution
		{210B8DD0-E76B-4F54-BD80-ED156C4A5683}.Debug|Any CPU.ActiveCfg = Debug|Any CPU
		{210B8DD0-E76B-4F54-BD80-ED156C4A5683}.Debug|Any CPU.Build.0 = Debug|Any CPU
		{210B8DD0-E76B-4F54-BD80-ED156C4A5683}.Release|Any CPU.ActiveCfg = Release|Any CPU
		{210B8DD0-E76B-4F54-BD80-ED156C4A5683}.Release|Any CPU.Build.0 = Release|Any CPU
	EndGlobalSection
	GlobalSection(SolutionProperties) = preSolution
		HideSolutionNode = FALSE
	EndGlobalSection
	GlobalSection(ExtensibilityGlobals) = postSolution
		SolutionGuid = {9768D028-21E6-4019-8DAD-39B61E1AE327}
	EndGlobalSection
EndGlobal
