
Microsoft Visual Studio Solution File, Format Version 12.00
# Visual Studio 15
VisualStudioVersion = 15.0.28307.421
MinimumVisualStudioVersion = 10.0.40219.1
Project("{FAE04EC0-301F-11D3-BF4B-00C04F79EFBC}") = "ClassesAndObjects", "ClassesAndObjects\ClassesAndObjects.csproj", "{95A44E20-3A46-4697-A444-F11838AE7B44}"
EndProject
Global
	GlobalSection(SolutionConfigurationPlatforms) = preSolution
		Debug|Any CPU = Debug|Any CPU
		Release|Any CPU = Release|Any CPU
	EndGlobalSection
	GlobalSection(ProjectConfigurationPlatforms) = postSolution
		{95A44E20-3A46-4697-A444-F11838AE7B44}.Debug|Any CPU.ActiveCfg = Debug|Any CPU
		{95A44E20-3A46-4697-A444-F11838AE7B44}.Debug|Any CPU.Build.0 = Debug|Any CPU
		{95A44E20-3A46-4697-A444-F11838AE7B44}.Release|Any CPU.ActiveCfg = Release|Any CPU
		{95A44E20-3A46-4697-A444-F11838AE7B44}.Release|Any CPU.Build.0 = Release|Any CPU
	EndGlobalSection
	GlobalSection(SolutionProperties) = preSolution
		HideSolutionNode = FALSE
	EndGlobalSection
	GlobalSection(ExtensibilityGlobals) = postSolution
		SolutionGuid = {5B68274F-B6DB-4568-AFC0-F814B77910D5}
	EndGlobalSection
EndGlobal
