
Microsoft Visual Studio Solution File, Format Version 12.00
# Visual Studio Version 16
VisualStudioVersion = 16.0.29215.179
MinimumVisualStudioVersion = 10.0.40219.1
Project("{FAE04EC0-301F-11D3-BF4B-00C04F79EFBC}") = "TikiSequenceDiagrams", "TikiSequenceDiagrams\TikiSequenceDiagrams.csproj", "{536F1848-6FEE-4EAE-9D31-35C989BD13CF}"
EndProject
Global
	GlobalSection(SolutionConfigurationPlatforms) = preSolution
		Debug|Any CPU = Debug|Any CPU
		Release|Any CPU = Release|Any CPU
	EndGlobalSection
	GlobalSection(ProjectConfigurationPlatforms) = postSolution
		{536F1848-6FEE-4EAE-9D31-35C989BD13CF}.Debug|Any CPU.ActiveCfg = Debug|Any CPU
		{536F1848-6FEE-4EAE-9D31-35C989BD13CF}.Debug|Any CPU.Build.0 = Debug|Any CPU
		{536F1848-6FEE-4EAE-9D31-35C989BD13CF}.Release|Any CPU.ActiveCfg = Release|Any CPU
		{536F1848-6FEE-4EAE-9D31-35C989BD13CF}.Release|Any CPU.Build.0 = Release|Any CPU
	EndGlobalSection
	GlobalSection(SolutionProperties) = preSolution
		HideSolutionNode = FALSE
	EndGlobalSection
	GlobalSection(ExtensibilityGlobals) = postSolution
		SolutionGuid = {768F6E09-2FDE-49DB-AB43-8675B8AAE40D}
	EndGlobalSection
EndGlobal
