
Microsoft Visual Studio Solution File, Format Version 12.00
# Visual Studio 15
VisualStudioVersion = 15.0.28307.421
MinimumVisualStudioVersion = 10.0.40219.1
Project("{FAE04EC0-301F-11D3-BF4B-00C04F79EFBC}") = "Singleton", "Singleton\Singleton.csproj", "{60414DEE-0A6B-45BE-810E-70E9D1216058}"
EndProject
Global
	GlobalSection(SolutionConfigurationPlatforms) = preSolution
		Debug|Any CPU = Debug|Any CPU
		Release|Any CPU = Release|Any CPU
	EndGlobalSection
	GlobalSection(ProjectConfigurationPlatforms) = postSolution
		{60414DEE-0A6B-45BE-810E-70E9D1216058}.Debug|Any CPU.ActiveCfg = Debug|Any CPU
		{60414DEE-0A6B-45BE-810E-70E9D1216058}.Debug|Any CPU.Build.0 = Debug|Any CPU
		{60414DEE-0A6B-45BE-810E-70E9D1216058}.Release|Any CPU.ActiveCfg = Release|Any CPU
		{60414DEE-0A6B-45BE-810E-70E9D1216058}.Release|Any CPU.Build.0 = Release|Any CPU
	EndGlobalSection
	GlobalSection(SolutionProperties) = preSolution
		HideSolutionNode = FALSE
	EndGlobalSection
	GlobalSection(ExtensibilityGlobals) = postSolution
		SolutionGuid = {59E4E155-187C-4CDB-B65A-911BFA2B4BE8}
	EndGlobalSection
EndGlobal
