
Microsoft Visual Studio Solution File, Format Version 12.00
# Visual Studio Version 16
VisualStudioVersion = 16.0.29215.179
MinimumVisualStudioVersion = 10.0.40219.1
Project("{FAE04EC0-301F-11D3-BF4B-00C04F79EFBC}") = "SimpleFactory", "SimpleFactory\SimpleFactory.csproj", "{E5EC8E24-662D-4124-8635-0C181A1DF98A}"
EndProject
Global
	GlobalSection(SolutionConfigurationPlatforms) = preSolution
		Debug|Any CPU = Debug|Any CPU
		Release|Any CPU = Release|Any CPU
	EndGlobalSection
	GlobalSection(ProjectConfigurationPlatforms) = postSolution
		{E5EC8E24-662D-4124-8635-0C181A1DF98A}.Debug|Any CPU.ActiveCfg = Debug|Any CPU
		{E5EC8E24-662D-4124-8635-0C181A1DF98A}.Debug|Any CPU.Build.0 = Debug|Any CPU
		{E5EC8E24-662D-4124-8635-0C181A1DF98A}.Release|Any CPU.ActiveCfg = Release|Any CPU
		{E5EC8E24-662D-4124-8635-0C181A1DF98A}.Release|Any CPU.Build.0 = Release|Any CPU
	EndGlobalSection
	GlobalSection(SolutionProperties) = preSolution
		HideSolutionNode = FALSE
	EndGlobalSection
	GlobalSection(ExtensibilityGlobals) = postSolution
		SolutionGuid = {66800944-053A-4836-BCFB-73C0A9469EE3}
	EndGlobalSection
EndGlobal
