
Microsoft Visual Studio Solution File, Format Version 12.00
# Visual Studio Version 16
VisualStudioVersion = 16.0.29215.179
MinimumVisualStudioVersion = 10.0.40219.1
Project("{FAE04EC0-301F-11D3-BF4B-00C04F79EFBC}") = "Generalization", "Generalization\Generalization.csproj", "{98F10B07-24D3-44FB-A8C0-96B2B8010337}"
EndProject
Global
	GlobalSection(SolutionConfigurationPlatforms) = preSolution
		Debug|Any CPU = Debug|Any CPU
		Release|Any CPU = Release|Any CPU
	EndGlobalSection
	GlobalSection(ProjectConfigurationPlatforms) = postSolution
		{98F10B07-24D3-44FB-A8C0-96B2B8010337}.Debug|Any CPU.ActiveCfg = Debug|Any CPU
		{98F10B07-24D3-44FB-A8C0-96B2B8010337}.Debug|Any CPU.Build.0 = Debug|Any CPU
		{98F10B07-24D3-44FB-A8C0-96B2B8010337}.Release|Any CPU.ActiveCfg = Release|Any CPU
		{98F10B07-24D3-44FB-A8C0-96B2B8010337}.Release|Any CPU.Build.0 = Release|Any CPU
	EndGlobalSection
	GlobalSection(SolutionProperties) = preSolution
		HideSolutionNode = FALSE
	EndGlobalSection
	GlobalSection(ExtensibilityGlobals) = postSolution
		SolutionGuid = {0BB4A299-6051-44AB-B228-0A370B3D2D71}
	EndGlobalSection
EndGlobal
