
Microsoft Visual Studio Solution File, Format Version 12.00
# Visual Studio 15
VisualStudioVersion = 15.0.28307.421
MinimumVisualStudioVersion = 10.0.40219.1
Project("{FAE04EC0-301F-11D3-BF4B-00C04F79EFBC}") = "PrivateAccessModifier", "PrivateAccessModifier\PrivateAccessModifier.csproj", "{A0B2856E-94FF-4C09-A876-074AE0FC2FFF}"
EndProject
Global
	GlobalSection(SolutionConfigurationPlatforms) = preSolution
		Debug|Any CPU = Debug|Any CPU
		Release|Any CPU = Release|Any CPU
	EndGlobalSection
	GlobalSection(ProjectConfigurationPlatforms) = postSolution
		{A0B2856E-94FF-4C09-A876-074AE0FC2FFF}.Debug|Any CPU.ActiveCfg = Debug|Any CPU
		{A0B2856E-94FF-4C09-A876-074AE0FC2FFF}.Debug|Any CPU.Build.0 = Debug|Any CPU
		{A0B2856E-94FF-4C09-A876-074AE0FC2FFF}.Release|Any CPU.ActiveCfg = Release|Any CPU
		{A0B2856E-94FF-4C09-A876-074AE0FC2FFF}.Release|Any CPU.Build.0 = Release|Any CPU
	EndGlobalSection
	GlobalSection(SolutionProperties) = preSolution
		HideSolutionNode = FALSE
	EndGlobalSection
	GlobalSection(ExtensibilityGlobals) = postSolution
		SolutionGuid = {45B45855-C4A4-4D01-BF94-BEFDE14B16B5}
	EndGlobalSection
EndGlobal
