
Microsoft Visual Studio Solution File, Format Version 12.00
# Visual Studio Version 16
VisualStudioVersion = 16.0.29215.179
MinimumVisualStudioVersion = 10.0.40219.1
Project("{FAE04EC0-301F-11D3-BF4B-00C04F79EFBC}") = "People", "People\People.csproj", "{E2996540-41AD-4AB4-89A8-60503C7459B0}"
EndProject
Global
	GlobalSection(SolutionConfigurationPlatforms) = preSolution
		Debug|Any CPU = Debug|Any CPU
		Release|Any CPU = Release|Any CPU
	EndGlobalSection
	GlobalSection(ProjectConfigurationPlatforms) = postSolution
		{E2996540-41AD-4AB4-89A8-60503C7459B0}.Debug|Any CPU.ActiveCfg = Debug|Any CPU
		{E2996540-41AD-4AB4-89A8-60503C7459B0}.Debug|Any CPU.Build.0 = Debug|Any CPU
		{E2996540-41AD-4AB4-89A8-60503C7459B0}.Release|Any CPU.ActiveCfg = Release|Any CPU
		{E2996540-41AD-4AB4-89A8-60503C7459B0}.Release|Any CPU.Build.0 = Release|Any CPU
	EndGlobalSection
	GlobalSection(SolutionProperties) = preSolution
		HideSolutionNode = FALSE
	EndGlobalSection
	GlobalSection(ExtensibilityGlobals) = postSolution
		SolutionGuid = {9AFEEEE8-7092-4768-85A0-EE9A74BD1624}
	EndGlobalSection
EndGlobal
