
Microsoft Visual Studio Solution File, Format Version 12.00
# Visual Studio Version 16
VisualStudioVersion = 16.0.29215.179
MinimumVisualStudioVersion = 10.0.40219.1
Project("{FAE04EC0-301F-11D3-BF4B-00C04F79EFBC}") = "TemplateMethod", "TemplateMethod\TemplateMethod.csproj", "{D1812EB3-3A3A-4D38-9002-C53E62E53765}"
EndProject
Global
	GlobalSection(SolutionConfigurationPlatforms) = preSolution
		Debug|Any CPU = Debug|Any CPU
		Release|Any CPU = Release|Any CPU
	EndGlobalSection
	GlobalSection(ProjectConfigurationPlatforms) = postSolution
		{D1812EB3-3A3A-4D38-9002-C53E62E53765}.Debug|Any CPU.ActiveCfg = Debug|Any CPU
		{D1812EB3-3A3A-4D38-9002-C53E62E53765}.Debug|Any CPU.Build.0 = Debug|Any CPU
		{D1812EB3-3A3A-4D38-9002-C53E62E53765}.Release|Any CPU.ActiveCfg = Release|Any CPU
		{D1812EB3-3A3A-4D38-9002-C53E62E53765}.Release|Any CPU.Build.0 = Release|Any CPU
	EndGlobalSection
	GlobalSection(SolutionProperties) = preSolution
		HideSolutionNode = FALSE
	EndGlobalSection
	GlobalSection(ExtensibilityGlobals) = postSolution
		SolutionGuid = {F2849E91-F1CD-446E-984B-904E0C01E689}
	EndGlobalSection
EndGlobal
