
Microsoft Visual Studio Solution File, Format Version 12.00
# Visual Studio Version 16
VisualStudioVersion = 16.0.29215.179
MinimumVisualStudioVersion = 10.0.40219.1
Project("{FAE04EC0-301F-11D3-BF4B-00C04F79EFBC}") = "PizzaStore", "PizzaStore\PizzaStore.csproj", "{65F3C227-1703-4708-996F-C0515D964417}"
EndProject
Global
	GlobalSection(SolutionConfigurationPlatforms) = preSolution
		Debug|Any CPU = Debug|Any CPU
		Release|Any CPU = Release|Any CPU
	EndGlobalSection
	GlobalSection(ProjectConfigurationPlatforms) = postSolution
		{65F3C227-1703-4708-996F-C0515D964417}.Debug|Any CPU.ActiveCfg = Debug|Any CPU
		{65F3C227-1703-4708-996F-C0515D964417}.Debug|Any CPU.Build.0 = Debug|Any CPU
		{65F3C227-1703-4708-996F-C0515D964417}.Release|Any CPU.ActiveCfg = Release|Any CPU
		{65F3C227-1703-4708-996F-C0515D964417}.Release|Any CPU.Build.0 = Release|Any CPU
	EndGlobalSection
	GlobalSection(SolutionProperties) = preSolution
		HideSolutionNode = FALSE
	EndGlobalSection
	GlobalSection(ExtensibilityGlobals) = postSolution
		SolutionGuid = {E3869F9D-CC48-4BA9-9A2C-2340B14B9513}
	EndGlobalSection
EndGlobal
