
Microsoft Visual Studio Solution File, Format Version 12.00
# Visual Studio 15
VisualStudioVersion = 15.0.28307.421
MinimumVisualStudioVersion = 10.0.40219.1
Project("{FAE04EC0-301F-11D3-BF4B-00C04F79EFBC}") = "AbstractClass", "AbstractClass\AbstractClass.csproj", "{7064BA7E-F48B-4506-84BF-D6C9C6FD38F1}"
EndProject
Global
	GlobalSection(SolutionConfigurationPlatforms) = preSolution
		Debug|Any CPU = Debug|Any CPU
		Release|Any CPU = Release|Any CPU
	EndGlobalSection
	GlobalSection(ProjectConfigurationPlatforms) = postSolution
		{7064BA7E-F48B-4506-84BF-D6C9C6FD38F1}.Debug|Any CPU.ActiveCfg = Debug|Any CPU
		{7064BA7E-F48B-4506-84BF-D6C9C6FD38F1}.Debug|Any CPU.Build.0 = Debug|Any CPU
		{7064BA7E-F48B-4506-84BF-D6C9C6FD38F1}.Release|Any CPU.ActiveCfg = Release|Any CPU
		{7064BA7E-F48B-4506-84BF-D6C9C6FD38F1}.Release|Any CPU.Build.0 = Release|Any CPU
	EndGlobalSection
	GlobalSection(SolutionProperties) = preSolution
		HideSolutionNode = FALSE
	EndGlobalSection
	GlobalSection(ExtensibilityGlobals) = postSolution
		SolutionGuid = {60BBB580-AD2B-4F9D-AC72-848AC163F271}
	EndGlobalSection
EndGlobal
